// !$*UTF8*$!
{
	archiveVersion = 1;
	classes = {
	};
	objectVersion = 46;
	objects = {

/* Begin PBXBuildFile section */
		A82283B51F163C81003248BC /* contents.html in Resources */ = {isa = PBXBuildFile; fileRef = A822836D1F163C80003248BC /* contents.html */; };
		A82283B61F163C81003248BC /* logo.gif in Resources */ = {isa = PBXBuildFile; fileRef = A822836E1F163C80003248BC /* logo.gif */; };
		A82283B71F163C81003248BC /* lua.1 in Resources */ = {isa = PBXBuildFile; fileRef = A822836F1F163C80003248BC /* lua.1 */; };
		A82283B81F163C81003248BC /* lua.css in Resources */ = {isa = PBXBuildFile; fileRef = A82283701F163C80003248BC /* lua.css */; };
		A82283B91F163C81003248BC /* luac.1 in Resources */ = {isa = PBXBuildFile; fileRef = A82283711F163C80003248BC /* luac.1 */; };
		A82283BA1F163C81003248BC /* manual.css in Resources */ = {isa = PBXBuildFile; fileRef = A82283721F163C80003248BC /* manual.css */; };
		A82283BB1F163C81003248BC /* manual.html in Resources */ = {isa = PBXBuildFile; fileRef = A82283731F163C80003248BC /* manual.html */; };
		A82283BC1F163C81003248BC /* osi-certified-72x60.png in Resources */ = {isa = PBXBuildFile; fileRef = A82283741F163C80003248BC /* osi-certified-72x60.png */; };
		A82283BD1F163C81003248BC /* readme.html in Resources */ = {isa = PBXBuildFile; fileRef = A82283751F163C80003248BC /* readme.html */; };
		A82283BE1F163C81003248BC /* Makefile in Sources */ = {isa = PBXBuildFile; fileRef = A82283761F163C80003248BC /* Makefile */; };
		A82283BF1F163C81003248BC /* README in Resources */ = {isa = PBXBuildFile; fileRef = A82283771F163C80003248BC /* README */; };
		A82283C01F163C81003248BC /* lapi.c in Sources */ = {isa = PBXBuildFile; fileRef = A82283791F163C80003248BC /* lapi.c */; };
		A82283C11F163C81003248BC /* lauxlib.c in Sources */ = {isa = PBXBuildFile; fileRef = A822837B1F163C80003248BC /* lauxlib.c */; };
		A82283C21F163C81003248BC /* lbaselib.c in Sources */ = {isa = PBXBuildFile; fileRef = A822837D1F163C80003248BC /* lbaselib.c */; };
		A82283C31F163C81003248BC /* lbitlib.c in Sources */ = {isa = PBXBuildFile; fileRef = A822837E1F163C80003248BC /* lbitlib.c */; };
		A82283C41F163C81003248BC /* lcode.c in Sources */ = {isa = PBXBuildFile; fileRef = A822837F1F163C80003248BC /* lcode.c */; };
		A82283C51F163C81003248BC /* lcorolib.c in Sources */ = {isa = PBXBuildFile; fileRef = A82283811F163C80003248BC /* lcorolib.c */; };
		A82283C61F163C81003248BC /* lctype.c in Sources */ = {isa = PBXBuildFile; fileRef = A82283821F163C80003248BC /* lctype.c */; };
		A82283C71F163C81003248BC /* ldblib.c in Sources */ = {isa = PBXBuildFile; fileRef = A82283841F163C80003248BC /* ldblib.c */; };
		A82283C81F163C81003248BC /* ldebug.c in Sources */ = {isa = PBXBuildFile; fileRef = A82283851F163C80003248BC /* ldebug.c */; };
		A82283C91F163C81003248BC /* ldo.c in Sources */ = {isa = PBXBuildFile; fileRef = A82283871F163C80003248BC /* ldo.c */; };
		A82283CA1F163C81003248BC /* ldump.c in Sources */ = {isa = PBXBuildFile; fileRef = A82283891F163C80003248BC /* ldump.c */; };
		A82283CB1F163C81003248BC /* lfunc.c in Sources */ = {isa = PBXBuildFile; fileRef = A822838A1F163C80003248BC /* lfunc.c */; };
		A82283CC1F163C81003248BC /* lgc.c in Sources */ = {isa = PBXBuildFile; fileRef = A822838C1F163C80003248BC /* lgc.c */; };
		A82283CD1F163C81003248BC /* linit.c in Sources */ = {isa = PBXBuildFile; fileRef = A822838E1F163C80003248BC /* linit.c */; };
		A82283CE1F163C81003248BC /* liolib.c in Sources */ = {isa = PBXBuildFile; fileRef = A822838F1F163C80003248BC /* liolib.c */; };
		A82283CF1F163C81003248BC /* llex.c in Sources */ = {isa = PBXBuildFile; fileRef = A82283901F163C80003248BC /* llex.c */; };
		A82283D01F163C81003248BC /* lmathlib.c in Sources */ = {isa = PBXBuildFile; fileRef = A82283931F163C80003248BC /* lmathlib.c */; };
		A82283D11F163C81003248BC /* lmem.c in Sources */ = {isa = PBXBuildFile; fileRef = A82283941F163C80003248BC /* lmem.c */; };
		A82283D21F163C81003248BC /* loadlib.c in Sources */ = {isa = PBXBuildFile; fileRef = A82283961F163C80003248BC /* loadlib.c */; };
		A82283D31F163C81003248BC /* lobject.c in Sources */ = {isa = PBXBuildFile; fileRef = A82283971F163C80003248BC /* lobject.c */; };
		A82283D41F163C81003248BC /* lopcodes.c in Sources */ = {isa = PBXBuildFile; fileRef = A82283991F163C80003248BC /* lopcodes.c */; };
		A82283D51F163C81003248BC /* loslib.c in Sources */ = {isa = PBXBuildFile; fileRef = A822839B1F163C80003248BC /* loslib.c */; };
		A82283D61F163C81003248BC /* lparser.c in Sources */ = {isa = PBXBuildFile; fileRef = A822839C1F163C80003248BC /* lparser.c */; };
		A82283D71F163C81003248BC /* lstate.c in Sources */ = {isa = PBXBuildFile; fileRef = A822839E1F163C80003248BC /* lstate.c */; };
		A82283D81F163C81003248BC /* lstring.c in Sources */ = {isa = PBXBuildFile; fileRef = A82283A01F163C80003248BC /* lstring.c */; };
		A82283D91F163C81003248BC /* lstrlib.c in Sources */ = {isa = PBXBuildFile; fileRef = A82283A21F163C80003248BC /* lstrlib.c */; };
		A82283DA1F163C81003248BC /* ltable.c in Sources */ = {isa = PBXBuildFile; fileRef = A82283A31F163C80003248BC /* ltable.c */; };
		A82283DB1F163C81003248BC /* ltablib.c in Sources */ = {isa = PBXBuildFile; fileRef = A82283A51F163C80003248BC /* ltablib.c */; };
		A82283DC1F163C81003248BC /* ltm.c in Sources */ = {isa = PBXBuildFile; fileRef = A82283A61F163C80003248BC /* ltm.c */; };
		A82283DD1F163C81003248BC /* lua.c in Sources */ = {isa = PBXBuildFile; fileRef = A82283A81F163C81003248BC /* lua.c */; };
		A82283DE1F163C81003248BC /* luac.c in Sources */ = {isa = PBXBuildFile; fileRef = A82283AB1F163C81003248BC /* luac.c */; };
		A82283DF1F163C81003248BC /* lundump.c in Sources */ = {isa = PBXBuildFile; fileRef = A82283AE1F163C81003248BC /* lundump.c */; };
		A82283E01F163C81003248BC /* lvm.c in Sources */ = {isa = PBXBuildFile; fileRef = A82283B01F163C81003248BC /* lvm.c */; };
		A82283E11F163C81003248BC /* lzio.c in Sources */ = {isa = PBXBuildFile; fileRef = A82283B21F163C81003248BC /* lzio.c */; };
		A82283E21F163C81003248BC /* Makefile in Sources */ = {isa = PBXBuildFile; fileRef = A82283B41F163C81003248BC /* Makefile */; };
		A822EE5B1F04ABF400BD6A06 /* main.mm in Sources */ = {isa = PBXBuildFile; fileRef = A822EE5A1F04ABF400BD6A06 /* main.mm */; };
		A822EE5E1F04ABF400BD6A06 /* AppDelegate.m in Sources */ = {isa = PBXBuildFile; fileRef = A822EE5D1F04ABF400BD6A06 /* AppDelegate.m */; };
		A822EE611F04ABF400BD6A06 /* ViewController.mm in Sources */ = {isa = PBXBuildFile; fileRef = A822EE601F04ABF400BD6A06 /* ViewController.mm */; };
		A822EE641F04ABF400BD6A06 /* Main.storyboard in Resources */ = {isa = PBXBuildFile; fileRef = A822EE621F04ABF400BD6A06 /* Main.storyboard */; };
		A822EE661F04ABF400BD6A06 /* Assets.xcassets in Resources */ = {isa = PBXBuildFile; fileRef = A822EE651F04ABF400BD6A06 /* Assets.xcassets */; };
		A822EE691F04ABF400BD6A06 /* LaunchScreen.storyboard in Resources */ = {isa = PBXBuildFile; fileRef = A822EE671F04ABF400BD6A06 /* LaunchScreen.storyboard */; };
		A822EE741F04ABF400BD6A06 /* forceTests.m in Sources */ = {isa = PBXBuildFile; fileRef = A822EE731F04ABF400BD6A06 /* forceTests.m */; };
		A822EEA11F04F94100BD6A06 /* Photos.framework in Frameworks */ = {isa = PBXBuildFile; fileRef = A822EEA01F04F94100BD6A06 /* Photos.framework */; };
		A8B1B53B1F050B670095C602 /* luke.cpp in Sources */ = {isa = PBXBuildFile; fileRef = A8B1B5391F050B670095C602 /* luke.cpp */; };
		A8B1B5421F050B780095C602 /* brightside.cpp in Sources */ = {isa = PBXBuildFile; fileRef = A8B1B53C1F050B780095C602 /* brightside.cpp */; };
		A8B1B5431F050B780095C602 /* darkside.cpp in Sources */ = {isa = PBXBuildFile; fileRef = A8B1B53E1F050B780095C602 /* darkside.cpp */; };
		A8B1B5441F050B780095C602 /* dktool.cpp in Sources */ = {isa = PBXBuildFile; fileRef = A8B1B5401F050B780095C602 /* dktool.cpp */; };
		A8B1B5491F050B8A0095C602 /* bd_tool.cpp in Sources */ = {isa = PBXBuildFile; fileRef = A8B1B5451F050B8A0095C602 /* bd_tool.cpp */; };
		A8B1B54A1F050B8A0095C602 /* broadcast.cpp in Sources */ = {isa = PBXBuildFile; fileRef = A8B1B5471F050B8A0095C602 /* broadcast.cpp */; };
		A8D2D07B1F1774580010276E /* Aspects.m in Sources */ = {isa = PBXBuildFile; fileRef = A8D2D07A1F1774580010276E /* Aspects.m */; };
		A8F345711F1DDFD60087A804 /* dklog.cpp in Sources */ = {isa = PBXBuildFile; fileRef = A8F3456F1F1DDFD60087A804 /* dklog.cpp */; };
		A8F7EEA61F06675300467FC2 /* icmp_protocol.cpp in Sources */ = {isa = PBXBuildFile; fileRef = A8F7EEA41F06675300467FC2 /* icmp_protocol.cpp */; };
/* End PBXBuildFile section */

/* Begin PBXContainerItemProxy section */
		A822EE701F04ABF400BD6A06 /* PBXContainerItemProxy */ = {
			isa = PBXContainerItemProxy;
			containerPortal = A822EE4E1F04ABF400BD6A06 /* Project object */;
			proxyType = 1;
			remoteGlobalIDString = A822EE551F04ABF400BD6A06;
			remoteInfo = force;
		};
/* End PBXContainerItemProxy section */

/* Begin PBXFileReference section */
		A822836D1F163C80003248BC /* contents.html */ = {isa = PBXFileReference; fileEncoding = 4; lastKnownFileType = text.html; path = contents.html; sourceTree = "<group>"; };
		A822836E1F163C80003248BC /* logo.gif */ = {isa = PBXFileReference; lastKnownFileType = image.gif; path = logo.gif; sourceTree = "<group>"; };
		A822836F1F163C80003248BC /* lua.1 */ = {isa = PBXFileReference; fileEncoding = 4; lastKnownFileType = text.man; path = lua.1; sourceTree = "<group>"; };
		A82283701F163C80003248BC /* lua.css */ = {isa = PBXFileReference; fileEncoding = 4; lastKnownFileType = text.css; path = lua.css; sourceTree = "<group>"; };
		A82283711F163C80003248BC /* luac.1 */ = {isa = PBXFileReference; fileEncoding = 4; lastKnownFileType = text.man; path = luac.1; sourceTree = "<group>"; };
		A82283721F163C80003248BC /* manual.css */ = {isa = PBXFileReference; fileEncoding = 4; lastKnownFileType = text.css; path = manual.css; sourceTree = "<group>"; };
		A82283731F163C80003248BC /* manual.html */ = {isa = PBXFileReference; fileEncoding = 4; lastKnownFileType = text.html; path = manual.html; sourceTree = "<group>"; };
		A82283741F163C80003248BC /* osi-certified-72x60.png */ = {isa = PBXFileReference; lastKnownFileType = image.png; path = "osi-certified-72x60.png"; sourceTree = "<group>"; };
		A82283751F163C80003248BC /* readme.html */ = {isa = PBXFileReference; fileEncoding = 4; lastKnownFileType = text.html; path = readme.html; sourceTree = "<group>"; };
		A82283761F163C80003248BC /* Makefile */ = {isa = PBXFileReference; fileEncoding = 4; lastKnownFileType = sourcecode.make; path = Makefile; sourceTree = "<group>"; };
		A82283771F163C80003248BC /* README */ = {isa = PBXFileReference; fileEncoding = 4; lastKnownFileType = text; path = README; sourceTree = "<group>"; };
		A82283791F163C80003248BC /* lapi.c */ = {isa = PBXFileReference; fileEncoding = 4; lastKnownFileType = sourcecode.c.c; path = lapi.c; sourceTree = "<group>"; };
		A822837A1F163C80003248BC /* lapi.h */ = {isa = PBXFileReference; fileEncoding = 4; lastKnownFileType = sourcecode.c.h; path = lapi.h; sourceTree = "<group>"; };
		A822837B1F163C80003248BC /* lauxlib.c */ = {isa = PBXFileReference; fileEncoding = 4; lastKnownFileType = sourcecode.c.c; path = lauxlib.c; sourceTree = "<group>"; };
		A822837C1F163C80003248BC /* lauxlib.h */ = {isa = PBXFileReference; fileEncoding = 4; lastKnownFileType = sourcecode.c.h; path = lauxlib.h; sourceTree = "<group>"; };
		A822837D1F163C80003248BC /* lbaselib.c */ = {isa = PBXFileReference; fileEncoding = 4; lastKnownFileType = sourcecode.c.c; path = lbaselib.c; sourceTree = "<group>"; };
		A822837E1F163C80003248BC /* lbitlib.c */ = {isa = PBXFileReference; fileEncoding = 4; lastKnownFileType = sourcecode.c.c; path = lbitlib.c; sourceTree = "<group>"; };
		A822837F1F163C80003248BC /* lcode.c */ = {isa = PBXFileReference; fileEncoding = 4; lastKnownFileType = sourcecode.c.c; path = lcode.c; sourceTree = "<group>"; };
		A82283801F163C80003248BC /* lcode.h */ = {isa = PBXFileReference; fileEncoding = 4; lastKnownFileType = sourcecode.c.h; path = lcode.h; sourceTree = "<group>"; };
		A82283811F163C80003248BC /* lcorolib.c */ = {isa = PBXFileReference; fileEncoding = 4; lastKnownFileType = sourcecode.c.c; path = lcorolib.c; sourceTree = "<group>"; };
		A82283821F163C80003248BC /* lctype.c */ = {isa = PBXFileReference; fileEncoding = 4; lastKnownFileType = sourcecode.c.c; path = lctype.c; sourceTree = "<group>"; };
		A82283831F163C80003248BC /* lctype.h */ = {isa = PBXFileReference; fileEncoding = 4; lastKnownFileType = sourcecode.c.h; path = lctype.h; sourceTree = "<group>"; };
		A82283841F163C80003248BC /* ldblib.c */ = {isa = PBXFileReference; fileEncoding = 4; lastKnownFileType = sourcecode.c.c; path = ldblib.c; sourceTree = "<group>"; };
		A82283851F163C80003248BC /* ldebug.c */ = {isa = PBXFileReference; fileEncoding = 4; lastKnownFileType = sourcecode.c.c; path = ldebug.c; sourceTree = "<group>"; };
		A82283861F163C80003248BC /* ldebug.h */ = {isa = PBXFileReference; fileEncoding = 4; lastKnownFileType = sourcecode.c.h; path = ldebug.h; sourceTree = "<group>"; };
		A82283871F163C80003248BC /* ldo.c */ = {isa = PBXFileReference; fileEncoding = 4; lastKnownFileType = sourcecode.c.c; path = ldo.c; sourceTree = "<group>"; };
		A82283881F163C80003248BC /* ldo.h */ = {isa = PBXFileReference; fileEncoding = 4; lastKnownFileType = sourcecode.c.h; path = ldo.h; sourceTree = "<group>"; };
		A82283891F163C80003248BC /* ldump.c */ = {isa = PBXFileReference; fileEncoding = 4; lastKnownFileType = sourcecode.c.c; path = ldump.c; sourceTree = "<group>"; };
		A822838A1F163C80003248BC /* lfunc.c */ = {isa = PBXFileReference; fileEncoding = 4; lastKnownFileType = sourcecode.c.c; path = lfunc.c; sourceTree = "<group>"; };
		A822838B1F163C80003248BC /* lfunc.h */ = {isa = PBXFileReference; fileEncoding = 4; lastKnownFileType = sourcecode.c.h; path = lfunc.h; sourceTree = "<group>"; };
		A822838C1F163C80003248BC /* lgc.c */ = {isa = PBXFileReference; fileEncoding = 4; lastKnownFileType = sourcecode.c.c; path = lgc.c; sourceTree = "<group>"; };
		A822838D1F163C80003248BC /* lgc.h */ = {isa = PBXFileReference; fileEncoding = 4; lastKnownFileType = sourcecode.c.h; path = lgc.h; sourceTree = "<group>"; };
		A822838E1F163C80003248BC /* linit.c */ = {isa = PBXFileReference; fileEncoding = 4; lastKnownFileType = sourcecode.c.c; path = linit.c; sourceTree = "<group>"; };
		A822838F1F163C80003248BC /* liolib.c */ = {isa = PBXFileReference; fileEncoding = 4; lastKnownFileType = sourcecode.c.c; path = liolib.c; sourceTree = "<group>"; };
		A82283901F163C80003248BC /* llex.c */ = {isa = PBXFileReference; fileEncoding = 4; lastKnownFileType = sourcecode.c.c; path = llex.c; sourceTree = "<group>"; };
		A82283911F163C80003248BC /* llex.h */ = {isa = PBXFileReference; fileEncoding = 4; lastKnownFileType = sourcecode.c.h; path = llex.h; sourceTree = "<group>"; };
		A82283921F163C80003248BC /* llimits.h */ = {isa = PBXFileReference; fileEncoding = 4; lastKnownFileType = sourcecode.c.h; path = llimits.h; sourceTree = "<group>"; };
		A82283931F163C80003248BC /* lmathlib.c */ = {isa = PBXFileReference; fileEncoding = 4; lastKnownFileType = sourcecode.c.c; path = lmathlib.c; sourceTree = "<group>"; };
		A82283941F163C80003248BC /* lmem.c */ = {isa = PBXFileReference; fileEncoding = 4; lastKnownFileType = sourcecode.c.c; path = lmem.c; sourceTree = "<group>"; };
		A82283951F163C80003248BC /* lmem.h */ = {isa = PBXFileReference; fileEncoding = 4; lastKnownFileType = sourcecode.c.h; path = lmem.h; sourceTree = "<group>"; };
		A82283961F163C80003248BC /* loadlib.c */ = {isa = PBXFileReference; fileEncoding = 4; lastKnownFileType = sourcecode.c.c; path = loadlib.c; sourceTree = "<group>"; };
		A82283971F163C80003248BC /* lobject.c */ = {isa = PBXFileReference; fileEncoding = 4; lastKnownFileType = sourcecode.c.c; path = lobject.c; sourceTree = "<group>"; };
		A82283981F163C80003248BC /* lobject.h */ = {isa = PBXFileReference; fileEncoding = 4; lastKnownFileType = sourcecode.c.h; path = lobject.h; sourceTree = "<group>"; };
		A82283991F163C80003248BC /* lopcodes.c */ = {isa = PBXFileReference; fileEncoding = 4; lastKnownFileType = sourcecode.c.c; path = lopcodes.c; sourceTree = "<group>"; };
		A822839A1F163C80003248BC /* lopcodes.h */ = {isa = PBXFileReference; fileEncoding = 4; lastKnownFileType = sourcecode.c.h; path = lopcodes.h; sourceTree = "<group>"; };
		A822839B1F163C80003248BC /* loslib.c */ = {isa = PBXFileReference; fileEncoding = 4; lastKnownFileType = sourcecode.c.c; path = loslib.c; sourceTree = "<group>"; };
		A822839C1F163C80003248BC /* lparser.c */ = {isa = PBXFileReference; fileEncoding = 4; lastKnownFileType = sourcecode.c.c; path = lparser.c; sourceTree = "<group>"; };
		A822839D1F163C80003248BC /* lparser.h */ = {isa = PBXFileReference; fileEncoding = 4; lastKnownFileType = sourcecode.c.h; path = lparser.h; sourceTree = "<group>"; };
		A822839E1F163C80003248BC /* lstate.c */ = {isa = PBXFileReference; fileEncoding = 4; lastKnownFileType = sourcecode.c.c; path = lstate.c; sourceTree = "<group>"; };
		A822839F1F163C80003248BC /* lstate.h */ = {isa = PBXFileReference; fileEncoding = 4; lastKnownFileType = sourcecode.c.h; path = lstate.h; sourceTree = "<group>"; };
		A82283A01F163C80003248BC /* lstring.c */ = {isa = PBXFileReference; fileEncoding = 4; lastKnownFileType = sourcecode.c.c; path = lstring.c; sourceTree = "<group>"; };
		A82283A11F163C80003248BC /* lstring.h */ = {isa = PBXFileReference; fileEncoding = 4; lastKnownFileType = sourcecode.c.h; path = lstring.h; sourceTree = "<group>"; };
		A82283A21F163C80003248BC /* lstrlib.c */ = {isa = PBXFileReference; fileEncoding = 4; lastKnownFileType = sourcecode.c.c; path = lstrlib.c; sourceTree = "<group>"; };
		A82283A31F163C80003248BC /* ltable.c */ = {isa = PBXFileReference; fileEncoding = 4; lastKnownFileType = sourcecode.c.c; path = ltable.c; sourceTree = "<group>"; };
		A82283A41F163C80003248BC /* ltable.h */ = {isa = PBXFileReference; fileEncoding = 4; lastKnownFileType = sourcecode.c.h; path = ltable.h; sourceTree = "<group>"; };
		A82283A51F163C80003248BC /* ltablib.c */ = {isa = PBXFileReference; fileEncoding = 4; lastKnownFileType = sourcecode.c.c; path = ltablib.c; sourceTree = "<group>"; };
		A82283A61F163C80003248BC /* ltm.c */ = {isa = PBXFileReference; fileEncoding = 4; lastKnownFileType = sourcecode.c.c; path = ltm.c; sourceTree = "<group>"; };
		A82283A71F163C80003248BC /* ltm.h */ = {isa = PBXFileReference; fileEncoding = 4; lastKnownFileType = sourcecode.c.h; path = ltm.h; sourceTree = "<group>"; };
		A82283A81F163C81003248BC /* lua.c */ = {isa = PBXFileReference; fileEncoding = 4; lastKnownFileType = sourcecode.c.c; path = lua.c; sourceTree = "<group>"; };
		A82283A91F163C81003248BC /* lua.h */ = {isa = PBXFileReference; fileEncoding = 4; lastKnownFileType = sourcecode.c.h; path = lua.h; sourceTree = "<group>"; };
		A82283AA1F163C81003248BC /* lua.hpp */ = {isa = PBXFileReference; fileEncoding = 4; lastKnownFileType = sourcecode.cpp.h; path = lua.hpp; sourceTree = "<group>"; };
		A82283AB1F163C81003248BC /* luac.c */ = {isa = PBXFileReference; fileEncoding = 4; lastKnownFileType = sourcecode.c.c; path = luac.c; sourceTree = "<group>"; };
		A82283AC1F163C81003248BC /* luaconf.h */ = {isa = PBXFileReference; fileEncoding = 4; lastKnownFileType = sourcecode.c.h; path = luaconf.h; sourceTree = "<group>"; };
		A82283AD1F163C81003248BC /* lualib.h */ = {isa = PBXFileReference; fileEncoding = 4; lastKnownFileType = sourcecode.c.h; path = lualib.h; sourceTree = "<group>"; };
		A82283AE1F163C81003248BC /* lundump.c */ = {isa = PBXFileReference; fileEncoding = 4; lastKnownFileType = sourcecode.c.c; path = lundump.c; sourceTree = "<group>"; };
		A82283AF1F163C81003248BC /* lundump.h */ = {isa = PBXFileReference; fileEncoding = 4; lastKnownFileType = sourcecode.c.h; path = lundump.h; sourceTree = "<group>"; };
		A82283B01F163C81003248BC /* lvm.c */ = {isa = PBXFileReference; fileEncoding = 4; lastKnownFileType = sourcecode.c.c; path = lvm.c; sourceTree = "<group>"; };
		A82283B11F163C81003248BC /* lvm.h */ = {isa = PBXFileReference; fileEncoding = 4; lastKnownFileType = sourcecode.c.h; path = lvm.h; sourceTree = "<group>"; };
		A82283B21F163C81003248BC /* lzio.c */ = {isa = PBXFileReference; fileEncoding = 4; lastKnownFileType = sourcecode.c.c; path = lzio.c; sourceTree = "<group>"; };
		A82283B31F163C81003248BC /* lzio.h */ = {isa = PBXFileReference; fileEncoding = 4; lastKnownFileType = sourcecode.c.h; path = lzio.h; sourceTree = "<group>"; };
		A82283B41F163C81003248BC /* Makefile */ = {isa = PBXFileReference; fileEncoding = 4; lastKnownFileType = sourcecode.make; path = Makefile; sourceTree = "<group>"; };
		A822EE561F04ABF400BD6A06 /* force.app */ = {isa = PBXFileReference; explicitFileType = wrapper.application; includeInIndex = 0; path = force.app; sourceTree = BUILT_PRODUCTS_DIR; };
		A822EE5A1F04ABF400BD6A06 /* main.mm */ = {isa = PBXFileReference; lastKnownFileType = sourcecode.cpp.objcpp; path = main.mm; sourceTree = "<group>"; };
		A822EE5C1F04ABF400BD6A06 /* AppDelegate.h */ = {isa = PBXFileReference; lastKnownFileType = sourcecode.c.h; path = AppDelegate.h; sourceTree = "<group>"; };
		A822EE5D1F04ABF400BD6A06 /* AppDelegate.m */ = {isa = PBXFileReference; lastKnownFileType = sourcecode.c.objc; path = AppDelegate.m; sourceTree = "<group>"; };
		A822EE5F1F04ABF400BD6A06 /* ViewController.h */ = {isa = PBXFileReference; lastKnownFileType = sourcecode.c.h; path = ViewController.h; sourceTree = "<group>"; };
		A822EE601F04ABF400BD6A06 /* ViewController.mm */ = {isa = PBXFileReference; lastKnownFileType = sourcecode.cpp.objcpp; path = ViewController.mm; sourceTree = "<group>"; };
		A822EE631F04ABF400BD6A06 /* Base */ = {isa = PBXFileReference; lastKnownFileType = file.storyboard; name = Base; path = Base.lproj/Main.storyboard; sourceTree = "<group>"; };
		A822EE651F04ABF400BD6A06 /* Assets.xcassets */ = {isa = PBXFileReference; lastKnownFileType = folder.assetcatalog; path = Assets.xcassets; sourceTree = "<group>"; };
		A822EE681F04ABF400BD6A06 /* Base */ = {isa = PBXFileReference; lastKnownFileType = file.storyboard; name = Base; path = Base.lproj/LaunchScreen.storyboard; sourceTree = "<group>"; };
		A822EE6A1F04ABF400BD6A06 /* Info.plist */ = {isa = PBXFileReference; lastKnownFileType = text.plist.xml; path = Info.plist; sourceTree = "<group>"; };
		A822EE6F1F04ABF400BD6A06 /* forceTests.xctest */ = {isa = PBXFileReference; explicitFileType = wrapper.cfbundle; includeInIndex = 0; path = forceTests.xctest; sourceTree = BUILT_PRODUCTS_DIR; };
		A822EE731F04ABF400BD6A06 /* forceTests.m */ = {isa = PBXFileReference; lastKnownFileType = sourcecode.c.objc; path = forceTests.m; sourceTree = "<group>"; };
		A822EE751F04ABF400BD6A06 /* Info.plist */ = {isa = PBXFileReference; lastKnownFileType = text.plist.xml; path = Info.plist; sourceTree = "<group>"; };
		A822EEA01F04F94100BD6A06 /* Photos.framework */ = {isa = PBXFileReference; lastKnownFileType = wrapper.framework; name = Photos.framework; path = System/Library/Frameworks/Photos.framework; sourceTree = SDKROOT; };
		A8B1B5381F050B670095C602 /* formater.h */ = {isa = PBXFileReference; fileEncoding = 4; lastKnownFileType = sourcecode.c.h; name = formater.h; path = ../../../../../MMTP/formater.h; sourceTree = "<group>"; };
		A8B1B5391F050B670095C602 /* luke.cpp */ = {isa = PBXFileReference; fileEncoding = 4; lastKnownFileType = sourcecode.cpp.cpp; name = luke.cpp; path = ../../../../../MMTP/luke.cpp; sourceTree = "<group>"; };
		A8B1B53A1F050B670095C602 /* luke.hpp */ = {isa = PBXFileReference; fileEncoding = 4; lastKnownFileType = sourcecode.cpp.h; name = luke.hpp; path = ../../../../../MMTP/luke.hpp; sourceTree = "<group>"; };
		A8B1B53C1F050B780095C602 /* brightside.cpp */ = {isa = PBXFileReference; fileEncoding = 4; lastKnownFileType = sourcecode.cpp.cpp; name = brightside.cpp; path = ../../../../../ZLTCPTransfer/src/brightside.cpp; sourceTree = "<group>"; };
		A8B1B53D1F050B780095C602 /* brightside.hpp */ = {isa = PBXFileReference; fileEncoding = 4; lastKnownFileType = sourcecode.cpp.h; name = brightside.hpp; path = ../../../../../ZLTCPTransfer/src/brightside.hpp; sourceTree = "<group>"; };
		A8B1B53E1F050B780095C602 /* darkside.cpp */ = {isa = PBXFileReference; fileEncoding = 4; lastKnownFileType = sourcecode.cpp.cpp; name = darkside.cpp; path = ../../../../../ZLTCPTransfer/src/darkside.cpp; sourceTree = "<group>"; };
		A8B1B53F1F050B780095C602 /* darkside.hpp */ = {isa = PBXFileReference; fileEncoding = 4; lastKnownFileType = sourcecode.cpp.h; name = darkside.hpp; path = ../../../../../ZLTCPTransfer/src/darkside.hpp; sourceTree = "<group>"; };
		A8B1B5401F050B780095C602 /* dktool.cpp */ = {isa = PBXFileReference; fileEncoding = 4; lastKnownFileType = sourcecode.cpp.cpp; name = dktool.cpp; path = ../../../../../ZLTCPTransfer/src/dktool.cpp; sourceTree = "<group>"; };
		A8B1B5411F050B780095C602 /* dktool.hpp */ = {isa = PBXFileReference; fileEncoding = 4; lastKnownFileType = sourcecode.cpp.h; name = dktool.hpp; path = ../../../../../ZLTCPTransfer/src/dktool.hpp; sourceTree = "<group>"; };
		A8B1B5451F050B8A0095C602 /* bd_tool.cpp */ = {isa = PBXFileReference; fileEncoding = 4; lastKnownFileType = sourcecode.cpp.cpp; name = bd_tool.cpp; path = ../../../../../broadcasthome/broadcast/bd_tool.cpp; sourceTree = "<group>"; };
		A8B1B5461F050B8A0095C602 /* bd_tool.hpp */ = {isa = PBXFileReference; fileEncoding = 4; lastKnownFileType = sourcecode.cpp.h; name = bd_tool.hpp; path = ../../../../../broadcasthome/broadcast/bd_tool.hpp; sourceTree = "<group>"; };
		A8B1B5471F050B8A0095C602 /* broadcast.cpp */ = {isa = PBXFileReference; fileEncoding = 4; lastKnownFileType = sourcecode.cpp.cpp; name = broadcast.cpp; path = ../../../../../broadcasthome/broadcast/broadcast.cpp; sourceTree = "<group>"; };
		A8B1B5481F050B8A0095C602 /* broadcast.hpp */ = {isa = PBXFileReference; fileEncoding = 4; lastKnownFileType = sourcecode.cpp.h; name = broadcast.hpp; path = ../../../../../broadcasthome/broadcast/broadcast.hpp; sourceTree = "<group>"; };
		A8D2D0791F1774580010276E /* Aspects.h */ = {isa = PBXFileReference; fileEncoding = 4; lastKnownFileType = sourcecode.c.h; path = Aspects.h; sourceTree = "<group>"; };
		A8D2D07A1F1774580010276E /* Aspects.m */ = {isa = PBXFileReference; fileEncoding = 4; lastKnownFileType = sourcecode.c.objc; path = Aspects.m; sourceTree = "<group>"; };
		A8F3456F1F1DDFD60087A804 /* dklog.cpp */ = {isa = PBXFileReference; fileEncoding = 4; lastKnownFileType = sourcecode.cpp.cpp; name = dklog.cpp; path = ../../../../../ZLTCPTransfer/src/dklog.cpp; sourceTree = "<group>"; };
		A8F345701F1DDFD60087A804 /* dklog.hpp */ = {isa = PBXFileReference; fileEncoding = 4; lastKnownFileType = sourcecode.cpp.h; name = dklog.hpp; path = ../../../../../ZLTCPTransfer/src/dklog.hpp; sourceTree = "<group>"; };
		A8F7EEA41F06675300467FC2 /* icmp_protocol.cpp */ = {isa = PBXFileReference; fileEncoding = 4; lastKnownFileType = sourcecode.cpp.cpp; name = icmp_protocol.cpp; path = ../../../../../ZLTCPTransfer/src/icmp_protocol.cpp; sourceTree = "<group>"; };
		A8F7EEA51F06675300467FC2 /* icmp_protocol.hpp */ = {isa = PBXFileReference; fileEncoding = 4; lastKnownFileType = sourcecode.cpp.h; name = icmp_protocol.hpp; path = ../../../../../ZLTCPTransfer/src/icmp_protocol.hpp; sourceTree = "<group>"; };
/* End PBXFileReference section */

/* Begin PBXFrameworksBuildPhase section */
		A822EE531F04ABF400BD6A06 /* Frameworks */ = {
			isa = PBXFrameworksBuildPhase;
			buildActionMask = 2147483647;
			files = (
				A822EEA11F04F94100BD6A06 /* Photos.framework in Frameworks */,
			);
			runOnlyForDeploymentPostprocessing = 0;
		};
		A822EE6C1F04ABF400BD6A06 /* Frameworks */ = {
			isa = PBXFrameworksBuildPhase;
			buildActionMask = 2147483647;
			files = (
			);
			runOnlyForDeploymentPostprocessing = 0;
		};
/* End PBXFrameworksBuildPhase section */

/* Begin PBXGroup section */
		A822836B1F163C80003248BC /* lua_src */ = {
			isa = PBXGroup;
			children = (
				A822836C1F163C80003248BC /* doc */,
				A82283761F163C80003248BC /* Makefile */,
				A82283771F163C80003248BC /* README */,
				A82283781F163C80003248BC /* src */,
			);
			name = lua_src;
			path = ../../../../../ZLTCPTransfer/src/lua_src;
			sourceTree = "<group>";
		};
		A822836C1F163C80003248BC /* doc */ = {
			isa = PBXGroup;
			children = (
				A822836D1F163C80003248BC /* contents.html */,
				A822836E1F163C80003248BC /* logo.gif */,
				A822836F1F163C80003248BC /* lua.1 */,
				A82283701F163C80003248BC /* lua.css */,
				A82283711F163C80003248BC /* luac.1 */,
				A82283721F163C80003248BC /* manual.css */,
				A82283731F163C80003248BC /* manual.html */,
				A82283741F163C80003248BC /* osi-certified-72x60.png */,
				A82283751F163C80003248BC /* readme.html */,
			);
			path = doc;
			sourceTree = "<group>";
		};
		A82283781F163C80003248BC /* src */ = {
			isa = PBXGroup;
			children = (
				A82283791F163C80003248BC /* lapi.c */,
				A822837A1F163C80003248BC /* lapi.h */,
				A822837B1F163C80003248BC /* lauxlib.c */,
				A822837C1F163C80003248BC /* lauxlib.h */,
				A822837D1F163C80003248BC /* lbaselib.c */,
				A822837E1F163C80003248BC /* lbitlib.c */,
				A822837F1F163C80003248BC /* lcode.c */,
				A82283801F163C80003248BC /* lcode.h */,
				A82283811F163C80003248BC /* lcorolib.c */,
				A82283821F163C80003248BC /* lctype.c */,
				A82283831F163C80003248BC /* lctype.h */,
				A82283841F163C80003248BC /* ldblib.c */,
				A82283851F163C80003248BC /* ldebug.c */,
				A82283861F163C80003248BC /* ldebug.h */,
				A82283871F163C80003248BC /* ldo.c */,
				A82283881F163C80003248BC /* ldo.h */,
				A82283891F163C80003248BC /* ldump.c */,
				A822838A1F163C80003248BC /* lfunc.c */,
				A822838B1F163C80003248BC /* lfunc.h */,
				A822838C1F163C80003248BC /* lgc.c */,
				A822838D1F163C80003248BC /* lgc.h */,
				A822838E1F163C80003248BC /* linit.c */,
				A822838F1F163C80003248BC /* liolib.c */,
				A82283901F163C80003248BC /* llex.c */,
				A82283911F163C80003248BC /* llex.h */,
				A82283921F163C80003248BC /* llimits.h */,
				A82283931F163C80003248BC /* lmathlib.c */,
				A82283941F163C80003248BC /* lmem.c */,
				A82283951F163C80003248BC /* lmem.h */,
				A82283961F163C80003248BC /* loadlib.c */,
				A82283971F163C80003248BC /* lobject.c */,
				A82283981F163C80003248BC /* lobject.h */,
				A82283991F163C80003248BC /* lopcodes.c */,
				A822839A1F163C80003248BC /* lopcodes.h */,
				A822839B1F163C80003248BC /* loslib.c */,
				A822839C1F163C80003248BC /* lparser.c */,
				A822839D1F163C80003248BC /* lparser.h */,
				A822839E1F163C80003248BC /* lstate.c */,
				A822839F1F163C80003248BC /* lstate.h */,
				A82283A01F163C80003248BC /* lstring.c */,
				A82283A11F163C80003248BC /* lstring.h */,
				A82283A21F163C80003248BC /* lstrlib.c */,
				A82283A31F163C80003248BC /* ltable.c */,
				A82283A41F163C80003248BC /* ltable.h */,
				A82283A51F163C80003248BC /* ltablib.c */,
				A82283A61F163C80003248BC /* ltm.c */,
				A82283A71F163C80003248BC /* ltm.h */,
				A82283A81F163C81003248BC /* lua.c */,
				A82283A91F163C81003248BC /* lua.h */,
				A82283AA1F163C81003248BC /* lua.hpp */,
				A82283AB1F163C81003248BC /* luac.c */,
				A82283AC1F163C81003248BC /* luaconf.h */,
				A82283AD1F163C81003248BC /* lualib.h */,
				A82283AE1F163C81003248BC /* lundump.c */,
				A82283AF1F163C81003248BC /* lundump.h */,
				A82283B01F163C81003248BC /* lvm.c */,
				A82283B11F163C81003248BC /* lvm.h */,
				A82283B21F163C81003248BC /* lzio.c */,
				A82283B31F163C81003248BC /* lzio.h */,
				A82283B41F163C81003248BC /* Makefile */,
			);
			path = src;
			sourceTree = "<group>";
		};
		A822EE4D1F04ABF400BD6A06 = {
			isa = PBXGroup;
			children = (
				A822EE581F04ABF400BD6A06 /* force */,
				A822EE721F04ABF400BD6A06 /* forceTests */,
				A822EE571F04ABF400BD6A06 /* Products */,
				A822EE9F1F04F94100BD6A06 /* Frameworks */,
			);
			sourceTree = "<group>";
		};
		A822EE571F04ABF400BD6A06 /* Products */ = {
			isa = PBXGroup;
			children = (
				A822EE561F04ABF400BD6A06 /* force.app */,
				A822EE6F1F04ABF400BD6A06 /* forceTests.xctest */,
			);
			name = Products;
			sourceTree = "<group>";
		};
		A822EE581F04ABF400BD6A06 /* force */ = {
			isa = PBXGroup;
			children = (
				A8D2D0791F1774580010276E /* Aspects.h */,
				A8D2D07A1F1774580010276E /* Aspects.m */,
				A822EE7E1F04AC8800BD6A06 /* util */,
				A822EE5C1F04ABF400BD6A06 /* AppDelegate.h */,
				A822EE5D1F04ABF400BD6A06 /* AppDelegate.m */,
				A822EE5F1F04ABF400BD6A06 /* ViewController.h */,
				A822EE601F04ABF400BD6A06 /* ViewController.mm */,
				A822EE621F04ABF400BD6A06 /* Main.storyboard */,
				A822EE651F04ABF400BD6A06 /* Assets.xcassets */,
				A822EE671F04ABF400BD6A06 /* LaunchScreen.storyboard */,
				A822EE6A1F04ABF400BD6A06 /* Info.plist */,
				A822EE591F04ABF400BD6A06 /* Supporting Files */,
			);
			path = force;
			sourceTree = "<group>";
		};
		A822EE591F04ABF400BD6A06 /* Supporting Files */ = {
			isa = PBXGroup;
			children = (
				A822EE5A1F04ABF400BD6A06 /* main.mm */,
			);
			name = "Supporting Files";
			sourceTree = "<group>";
		};
		A822EE721F04ABF400BD6A06 /* forceTests */ = {
			isa = PBXGroup;
			children = (
				A822EE731F04ABF400BD6A06 /* forceTests.m */,
				A822EE751F04ABF400BD6A06 /* Info.plist */,
			);
			path = forceTests;
			sourceTree = "<group>";
		};
		A822EE7E1F04AC8800BD6A06 /* util */ = {
			isa = PBXGroup;
			children = (
				A8F3456F1F1DDFD60087A804 /* dklog.cpp */,
				A8F345701F1DDFD60087A804 /* dklog.hpp */,
				A822836B1F163C80003248BC /* lua_src */,
				A8F7EEA41F06675300467FC2 /* icmp_protocol.cpp */,
				A8F7EEA51F06675300467FC2 /* icmp_protocol.hpp */,
				A8B1B5451F050B8A0095C602 /* bd_tool.cpp */,
				A8B1B5461F050B8A0095C602 /* bd_tool.hpp */,
				A8B1B5471F050B8A0095C602 /* broadcast.cpp */,
				A8B1B5481F050B8A0095C602 /* broadcast.hpp */,
				A8B1B53C1F050B780095C602 /* brightside.cpp */,
				A8B1B53D1F050B780095C602 /* brightside.hpp */,
				A8B1B53E1F050B780095C602 /* darkside.cpp */,
				A8B1B53F1F050B780095C602 /* darkside.hpp */,
				A8B1B5401F050B780095C602 /* dktool.cpp */,
				A8B1B5411F050B780095C602 /* dktool.hpp */,
				A8B1B5381F050B670095C602 /* formater.h */,
				A8B1B5391F050B670095C602 /* luke.cpp */,
				A8B1B53A1F050B670095C602 /* luke.hpp */,
			);
			path = util;
			sourceTree = "<group>";
		};
		A822EE9F1F04F94100BD6A06 /* Frameworks */ = {
			isa = PBXGroup;
			children = (
				A822EEA01F04F94100BD6A06 /* Photos.framework */,
			);
			name = Frameworks;
			sourceTree = "<group>";
		};
/* End PBXGroup section */

/* Begin PBXNativeTarget section */
		A822EE551F04ABF400BD6A06 /* force */ = {
			isa = PBXNativeTarget;
			buildConfigurationList = A822EE781F04ABF400BD6A06 /* Build configuration list for PBXNativeTarget "force" */;
			buildPhases = (
				A822EE521F04ABF400BD6A06 /* Sources */,
				A822EE531F04ABF400BD6A06 /* Frameworks */,
				A822EE541F04ABF400BD6A06 /* Resources */,
			);
			buildRules = (
			);
			dependencies = (
			);
			name = force;
			productName = force;
			productReference = A822EE561F04ABF400BD6A06 /* force.app */;
			productType = "com.apple.product-type.application";
		};
		A822EE6E1F04ABF400BD6A06 /* forceTests */ = {
			isa = PBXNativeTarget;
			buildConfigurationList = A822EE7B1F04ABF400BD6A06 /* Build configuration list for PBXNativeTarget "forceTests" */;
			buildPhases = (
				A822EE6B1F04ABF400BD6A06 /* Sources */,
				A822EE6C1F04ABF400BD6A06 /* Frameworks */,
				A822EE6D1F04ABF400BD6A06 /* Resources */,
			);
			buildRules = (
			);
			dependencies = (
				A822EE711F04ABF400BD6A06 /* PBXTargetDependency */,
			);
			name = forceTests;
			productName = forceTests;
			productReference = A822EE6F1F04ABF400BD6A06 /* forceTests.xctest */;
			productType = "com.apple.product-type.bundle.unit-test";
		};
/* End PBXNativeTarget section */

/* Begin PBXProject section */
		A822EE4E1F04ABF400BD6A06 /* Project object */ = {
			isa = PBXProject;
			attributes = {
				LastUpgradeCheck = 0830;
				ORGANIZATIONNAME = "权周";
				TargetAttributes = {
					A822EE551F04ABF400BD6A06 = {
						CreatedOnToolsVersion = 8.3.2;
						DevelopmentTeam = 35DEDV758X;
						ProvisioningStyle = Automatic;
					};
					A822EE6E1F04ABF400BD6A06 = {
						CreatedOnToolsVersion = 8.3.2;
						DevelopmentTeam = 35DEDV758X;
						ProvisioningStyle = Automatic;
						TestTargetID = A822EE551F04ABF400BD6A06;
					};
				};
			};
			buildConfigurationList = A822EE511F04ABF400BD6A06 /* Build configuration list for PBXProject "force" */;
			compatibilityVersion = "Xcode 3.2";
			developmentRegion = English;
			hasScannedForEncodings = 0;
			knownRegions = (
				en,
				Base,
			);
			mainGroup = A822EE4D1F04ABF400BD6A06;
			productRefGroup = A822EE571F04ABF400BD6A06 /* Products */;
			projectDirPath = "";
			projectRoot = "";
			targets = (
				A822EE551F04ABF400BD6A06 /* force */,
				A822EE6E1F04ABF400BD6A06 /* forceTests */,
			);
		};
/* End PBXProject section */

/* Begin PBXResourcesBuildPhase section */
		A822EE541F04ABF400BD6A06 /* Resources */ = {
			isa = PBXResourcesBuildPhase;
			buildActionMask = 2147483647;
			files = (
				A82283BF1F163C81003248BC /* README in Resources */,
				A82283BB1F163C81003248BC /* manual.html in Resources */,
				A82283B71F163C81003248BC /* lua.1 in Resources */,
				A822EE691F04ABF400BD6A06 /* LaunchScreen.storyboard in Resources */,
				A82283BC1F163C81003248BC /* osi-certified-72x60.png in Resources */,
				A82283BD1F163C81003248BC /* readme.html in Resources */,
				A82283B91F163C81003248BC /* luac.1 in Resources */,
				A822EE661F04ABF400BD6A06 /* Assets.xcassets in Resources */,
				A82283BA1F163C81003248BC /* manual.css in Resources */,
				A82283B61F163C81003248BC /* logo.gif in Resources */,
				A82283B81F163C81003248BC /* lua.css in Resources */,
				A82283B51F163C81003248BC /* contents.html in Resources */,
				A822EE641F04ABF400BD6A06 /* Main.storyboard in Resources */,
			);
			runOnlyForDeploymentPostprocessing = 0;
		};
		A822EE6D1F04ABF400BD6A06 /* Resources */ = {
			isa = PBXResourcesBuildPhase;
			buildActionMask = 2147483647;
			files = (
			);
			runOnlyForDeploymentPostprocessing = 0;
		};
/* End PBXResourcesBuildPhase section */

/* Begin PBXSourcesBuildPhase section */
		A822EE521F04ABF400BD6A06 /* Sources */ = {
			isa = PBXSourcesBuildPhase;
			buildActionMask = 2147483647;
			files = (
				A82283E21F163C81003248BC /* Makefile in Sources */,
				A8F7EEA61F06675300467FC2 /* icmp_protocol.cpp in Sources */,
				A82283C01F163C81003248BC /* lapi.c in Sources */,
				A82283CE1F163C81003248BC /* liolib.c in Sources */,
				A82283D61F163C81003248BC /* lparser.c in Sources */,
				A8D2D07B1F1774580010276E /* Aspects.m in Sources */,
				A8B1B5441F050B780095C602 /* dktool.cpp in Sources */,
				A822EE611F04ABF400BD6A06 /* ViewController.mm in Sources */,
				A82283BE1F163C81003248BC /* Makefile in Sources */,
				A822EE5E1F04ABF400BD6A06 /* AppDelegate.m in Sources */,
				A82283DF1F163C81003248BC /* lundump.c in Sources */,
				A82283DE1F163C81003248BC /* luac.c in Sources */,
				A82283D21F163C81003248BC /* loadlib.c in Sources */,
				A8B1B53B1F050B670095C602 /* luke.cpp in Sources */,
				A82283C11F163C81003248BC /* lauxlib.c in Sources */,
				A82283C31F163C81003248BC /* lbitlib.c in Sources */,
				A82283C91F163C81003248BC /* ldo.c in Sources */,
				A82283D91F163C81003248BC /* lstrlib.c in Sources */,
				A82283D81F163C81003248BC /* lstring.c in Sources */,
				A82283D11F163C81003248BC /* lmem.c in Sources */,
				A82283D71F163C81003248BC /* lstate.c in Sources */,
				A82283CA1F163C81003248BC /* ldump.c in Sources */,
				A82283D01F163C81003248BC /* lmathlib.c in Sources */,
				A82283DC1F163C81003248BC /* ltm.c in Sources */,
				A82283CF1F163C81003248BC /* llex.c in Sources */,
				A82283D31F163C81003248BC /* lobject.c in Sources */,
				A82283C71F163C81003248BC /* ldblib.c in Sources */,
				A82283CC1F163C81003248BC /* lgc.c in Sources */,
				A8B1B5421F050B780095C602 /* brightside.cpp in Sources */,
				A82283D41F163C81003248BC /* lopcodes.c in Sources */,
				A82283DA1F163C81003248BC /* ltable.c in Sources */,
				A82283D51F163C81003248BC /* loslib.c in Sources */,
				A82283CB1F163C81003248BC /* lfunc.c in Sources */,
				A82283C51F163C81003248BC /* lcorolib.c in Sources */,
				A8B1B54A1F050B8A0095C602 /* broadcast.cpp in Sources */,
				A82283E01F163C81003248BC /* lvm.c in Sources */,
				A8B1B5431F050B780095C602 /* darkside.cpp in Sources */,
				A82283E11F163C81003248BC /* lzio.c in Sources */,
				A82283C21F163C81003248BC /* lbaselib.c in Sources */,
				A822EE5B1F04ABF400BD6A06 /* main.mm in Sources */,
				A82283C81F163C81003248BC /* ldebug.c in Sources */,
				A82283DB1F163C81003248BC /* ltablib.c in Sources */,
				A8B1B5491F050B8A0095C602 /* bd_tool.cpp in Sources */,
				A8F345711F1DDFD60087A804 /* dklog.cpp in Sources */,
				A82283DD1F163C81003248BC /* lua.c in Sources */,
				A82283C61F163C81003248BC /* lctype.c in Sources */,
				A82283CD1F163C81003248BC /* linit.c in Sources */,
				A82283C41F163C81003248BC /* lcode.c in Sources */,
			);
			runOnlyForDeploymentPostprocessing = 0;
		};
		A822EE6B1F04ABF400BD6A06 /* Sources */ = {
			isa = PBXSourcesBuildPhase;
			buildActionMask = 2147483647;
			files = (
				A822EE741F04ABF400BD6A06 /* forceTests.m in Sources */,
			);
			runOnlyForDeploymentPostprocessing = 0;
		};
/* End PBXSourcesBuildPhase section */

/* Begin PBXTargetDependency section */
		A822EE711F04ABF400BD6A06 /* PBXTargetDependency */ = {
			isa = PBXTargetDependency;
			target = A822EE551F04ABF400BD6A06 /* force */;
			targetProxy = A822EE701F04ABF400BD6A06 /* PBXContainerItemProxy */;
		};
/* End PBXTargetDependency section */

/* Begin PBXVariantGroup section */
		A822EE621F04ABF400BD6A06 /* Main.storyboard */ = {
			isa = PBXVariantGroup;
			children = (
				A822EE631F04ABF400BD6A06 /* Base */,
			);
			name = Main.storyboard;
			sourceTree = "<group>";
		};
		A822EE671F04ABF400BD6A06 /* LaunchScreen.storyboard */ = {
			isa = PBXVariantGroup;
			children = (
				A822EE681F04ABF400BD6A06 /* Base */,
			);
			name = LaunchScreen.storyboard;
			sourceTree = "<group>";
		};
/* End PBXVariantGroup section */

/* Begin XCBuildConfiguration section */
		A822EE761F04ABF400BD6A06 /* Debug */ = {
			isa = XCBuildConfiguration;
			buildSettings = {
				ALWAYS_SEARCH_USER_PATHS = NO;
				CLANG_ANALYZER_NONNULL = YES;
				CLANG_ANALYZER_NUMBER_OBJECT_CONVERSION = YES_AGGRESSIVE;
				CLANG_CXX_LANGUAGE_STANDARD = "gnu++0x";
				CLANG_CXX_LIBRARY = "libc++";
				CLANG_ENABLE_MODULES = YES;
				CLANG_ENABLE_OBJC_ARC = YES;
				CLANG_WARN_BOOL_CONVERSION = YES;
				CLANG_WARN_CONSTANT_CONVERSION = YES;
				CLANG_WARN_DIRECT_OBJC_ISA_USAGE = YES_ERROR;
				CLANG_WARN_DOCUMENTATION_COMMENTS = YES;
				CLANG_WARN_EMPTY_BODY = YES;
				CLANG_WARN_ENUM_CONVERSION = YES;
				CLANG_WARN_INFINITE_RECURSION = YES;
				CLANG_WARN_INT_CONVERSION = YES;
				CLANG_WARN_OBJC_ROOT_CLASS = YES_ERROR;
				CLANG_WARN_SUSPICIOUS_MOVE = YES;
				CLANG_WARN_UNREACHABLE_CODE = YES;
				CLANG_WARN__DUPLICATE_METHOD_MATCH = YES;
				"CODE_SIGN_IDENTITY[sdk=iphoneos*]" = "iPhone Developer";
				COPY_PHASE_STRIP = NO;
				DEBUG_INFORMATION_FORMAT = dwarf;
				ENABLE_STRICT_OBJC_MSGSEND = YES;
				ENABLE_TESTABILITY = YES;
				GCC_C_LANGUAGE_STANDARD = gnu99;
				GCC_DYNAMIC_NO_PIC = NO;
				GCC_NO_COMMON_BLOCKS = YES;
				GCC_OPTIMIZATION_LEVEL = 0;
				GCC_PREPROCESSOR_DEFINITIONS = (
					"DEBUG=1",
					"$(inherited)",
				);
				GCC_WARN_64_TO_32_BIT_CONVERSION = YES;
				GCC_WARN_ABOUT_RETURN_TYPE = YES_ERROR;
				GCC_WARN_UNDECLARED_SELECTOR = YES;
				GCC_WARN_UNINITIALIZED_AUTOS = YES_AGGRESSIVE;
				GCC_WARN_UNUSED_FUNCTION = YES;
				GCC_WARN_UNUSED_VARIABLE = YES;
				IPHONEOS_DEPLOYMENT_TARGET = 10.3;
				MTL_ENABLE_DEBUG_INFO = YES;
				ONLY_ACTIVE_ARCH = YES;
				SDKROOT = iphoneos;
			};
			name = Debug;
		};
		A822EE771F04ABF400BD6A06 /* Release */ = {
			isa = XCBuildConfiguration;
			buildSettings = {
				ALWAYS_SEARCH_USER_PATHS = NO;
				CLANG_ANALYZER_NONNULL = YES;
				CLANG_ANALYZER_NUMBER_OBJECT_CONVERSION = YES_AGGRESSIVE;
				CLANG_CXX_LANGUAGE_STANDARD = "gnu++0x";
				CLANG_CXX_LIBRARY = "libc++";
				CLANG_ENABLE_MODULES = YES;
				CLANG_ENABLE_OBJC_ARC = YES;
				CLANG_WARN_BOOL_CONVERSION = YES;
				CLANG_WARN_CONSTANT_CONVERSION = YES;
				CLANG_WARN_DIRECT_OBJC_ISA_USAGE = YES_ERROR;
				CLANG_WARN_DOCUMENTATION_COMMENTS = YES;
				CLANG_WARN_EMPTY_BODY = YES;
				CLANG_WARN_ENUM_CONVERSION = YES;
				CLANG_WARN_INFINITE_RECURSION = YES;
				CLANG_WARN_INT_CONVERSION = YES;
				CLANG_WARN_OBJC_ROOT_CLASS = YES_ERROR;
				CLANG_WARN_SUSPICIOUS_MOVE = YES;
				CLANG_WARN_UNREACHABLE_CODE = YES;
				CLANG_WARN__DUPLICATE_METHOD_MATCH = YES;
				"CODE_SIGN_IDENTITY[sdk=iphoneos*]" = "iPhone Developer";
				COPY_PHASE_STRIP = NO;
				DEBUG_INFORMATION_FORMAT = "dwarf-with-dsym";
				ENABLE_NS_ASSERTIONS = NO;
				ENABLE_STRICT_OBJC_MSGSEND = YES;
				GCC_C_LANGUAGE_STANDARD = gnu99;
				GCC_NO_COMMON_BLOCKS = YES;
				GCC_WARN_64_TO_32_BIT_CONVERSION = YES;
				GCC_WARN_ABOUT_RETURN_TYPE = YES_ERROR;
				GCC_WARN_UNDECLARED_SELECTOR = YES;
				GCC_WARN_UNINITIALIZED_AUTOS = YES_AGGRESSIVE;
				GCC_WARN_UNUSED_FUNCTION = YES;
				GCC_WARN_UNUSED_VARIABLE = YES;
				IPHONEOS_DEPLOYMENT_TARGET = 10.3;
				MTL_ENABLE_DEBUG_INFO = NO;
				SDKROOT = iphoneos;
				VALIDATE_PRODUCT = YES;
			};
			name = Release;
		};
		A822EE791F04ABF400BD6A06 /* Debug */ = {
			isa = XCBuildConfiguration;
			buildSettings = {
				ASSETCATALOG_COMPILER_APPICON_NAME = AppIcon;
				CLANG_CXX_LANGUAGE_STANDARD = "c++0x";
				CLANG_CXX_LIBRARY = "libc++";
				DEVELOPMENT_TEAM = 35DEDV758X;
				INFOPLIST_FILE = force/Info.plist;
				LD_RUNPATH_SEARCH_PATHS = "$(inherited) @executable_path/Frameworks";
				PRODUCT_BUNDLE_IDENTIFIER = lz.force;
				PRODUCT_NAME = "$(TARGET_NAME)";
			};
			name = Debug;
		};
		A822EE7A1F04ABF400BD6A06 /* Release */ = {
			isa = XCBuildConfiguration;
			buildSettings = {
				ASSETCATALOG_COMPILER_APPICON_NAME = AppIcon;
				CLANG_CXX_LANGUAGE_STANDARD = "c++0x";
				CLANG_CXX_LIBRARY = "libc++";
				DEVELOPMENT_TEAM = 35DEDV758X;
				INFOPLIST_FILE = force/Info.plist;
				LD_RUNPATH_SEARCH_PATHS = "$(inherited) @executable_path/Frameworks";
				PRODUCT_BUNDLE_IDENTIFIER = lz.force;
				PRODUCT_NAME = "$(TARGET_NAME)";
			};
			name = Release;
		};
		A822EE7C1F04ABF400BD6A06 /* Debug */ = {
			isa = XCBuildConfiguration;
			buildSettings = {
				BUNDLE_LOADER = "$(TEST_HOST)";
				DEVELOPMENT_TEAM = 35DEDV758X;
				INFOPLIST_FILE = forceTests/Info.plist;
				LD_RUNPATH_SEARCH_PATHS = "$(inherited) @executable_path/Frameworks @loader_path/Frameworks";
				PRODUCT_BUNDLE_IDENTIFIER = lz.forceTests;
				PRODUCT_NAME = "$(TARGET_NAME)";
				TEST_HOST = "$(BUILT_PRODUCTS_DIR)/force.app/force";
			};
			name = Debug;
		};
		A822EE7D1F04ABF400BD6A06 /* Release */ = {
			isa = XCBuildConfiguration;
			buildSettings = {
				BUNDLE_LOADER = "$(TEST_HOST)";
				DEVELOPMENT_TEAM = 35DEDV758X;
				INFOPLIST_FILE = forceTests/Info.plist;
				LD_RUNPATH_SEARCH_PATHS = "$(inherited) @executable_path/Frameworks @loader_path/Frameworks";
				PRODUCT_BUNDLE_IDENTIFIER = lz.forceTests;
				PRODUCT_NAME = "$(TARGET_NAME)";
				TEST_HOST = "$(BUILT_PRODUCTS_DIR)/force.app/force";
			};
			name = Release;
		};
/* End XCBuildConfiguration section */

/* Begin XCConfigurationList section */
		A822EE511F04ABF400BD6A06 /* Build configuration list for PBXProject "force" */ = {
			isa = XCConfigurationList;
			buildConfigurations = (
				A822EE761F04ABF400BD6A06 /* Debug */,
				A822EE771F04ABF400BD6A06 /* Release */,
			);
			defaultConfigurationIsVisible = 0;
			defaultConfigurationName = Release;
		};
		A822EE781F04ABF400BD6A06 /* Build configuration list for PBXNativeTarget "force" */ = {
			isa = XCConfigurationList;
			buildConfigurations = (
				A822EE791F04ABF400BD6A06 /* Debug */,
				A822EE7A1F04ABF400BD6A06 /* Release */,
			);
			defaultConfigurationIsVisible = 0;
			defaultConfigurationName = Release;
		};
		A822EE7B1F04ABF400BD6A06 /* Build configuration list for PBXNativeTarget "forceTests" */ = {
			isa = XCConfigurationList;
			buildConfigurations = (
				A822EE7C1F04ABF400BD6A06 /* Debug */,
				A822EE7D1F04ABF400BD6A06 /* Release */,
			);
			defaultConfigurationIsVisible = 0;
			defaultConfigurationName = Release;
		};
/* End XCConfigurationList section */
	};
	rootObject = A822EE4E1F04ABF400BD6A06 /* Project object */;
}
